
Microsoft Visual Studio Solution File, Format Version 12.00
# Visual Studio Version 16
VisualStudioVersion = 16.0.34902.97
MinimumVisualStudioVersion = 10.0.40219.1
Project("{9A19103F-16F7-4668-BE54-9A1E7A4F7556}") = "IO.Swagger", "src\MatrimonialApi\MatrimonialApi.csproj", "{11CFD765-1AC0-4303-953A-EEA99786B2C5}"
EndProject
Global
	GlobalSection(SolutionConfigurationPlatforms) = preSolution
		Debug|Any CPU = Debug|Any CPU
		Release|Any CPU = Release|Any CPU
	EndGlobalSection
	GlobalSection(ProjectConfigurationPlatforms) = postSolution
		{11CFD765-1AC0-4303-953A-EEA99786B2C5}.Debug|Any CPU.ActiveCfg = Debug|Any CPU
		{11CFD765-1AC0-4303-953A-EEA99786B2C5}.Debug|Any CPU.Build.0 = Debug|Any CPU
		{11CFD765-1AC0-4303-953A-EEA99786B2C5}.Release|Any CPU.ActiveCfg = Release|Any CPU
		{11CFD765-1AC0-4303-953A-EEA99786B2C5}.Release|Any CPU.Build.0 = Release|Any CPU
	EndGlobalSection
	GlobalSection(SolutionProperties) = preSolution
		HideSolutionNode = FALSE
	EndGlobalSection
	GlobalSection(ExtensibilityGlobals) = postSolution
		SolutionGuid = {D5981077-489D-4475-AAC6-7CC16F0A8B6F}
	EndGlobalSection
EndGlobal
